
Microsoft Visual Studio Solution File, Format Version 12.00
# Visual Studio Version 16
VisualStudioVersion = 16.0.30204.135
MinimumVisualStudioVersion = 10.0.40219.1
Project("{9A19103F-16F7-4668-BE54-9A1E7A4F7556}") = "API", "API\API.csproj", "{C53637F6-38CE-4B44-8A50-580A283F667A}"
EndProject
Project("{9A19103F-16F7-4668-BE54-9A1E7A4F7556}") = "Client", "Client\Client.csproj", "{AE6C064C-94B5-40F4-8AD1-E9F576F4EB40}"
EndProject
Project("{9A19103F-16F7-4668-BE54-9A1E7A4F7556}") = "WPF", "WPF\WPF.csproj", "{6FC4AC22-677E-4EC7-ACA8-03C69694E4AD}"
EndProject
Global
	GlobalSection(SolutionConfigurationPlatforms) = preSolution
		Debug|Any CPU = Debug|Any CPU
		Release|Any CPU = Release|Any CPU
	EndGlobalSection
	GlobalSection(ProjectConfigurationPlatforms) = postSolution
		{C53637F6-38CE-4B44-8A50-580A283F667A}.Debug|Any CPU.ActiveCfg = Debug|Any CPU
		{C53637F6-38CE-4B44-8A50-580A283F667A}.Debug|Any CPU.Build.0 = Debug|Any CPU
		{C53637F6-38CE-4B44-8A50-580A283F667A}.Release|Any CPU.ActiveCfg = Release|Any CPU
		{C53637F6-38CE-4B44-8A50-580A283F667A}.Release|Any CPU.Build.0 = Release|Any CPU
		{AE6C064C-94B5-40F4-8AD1-E9F576F4EB40}.Debug|Any CPU.ActiveCfg = Debug|Any CPU
		{AE6C064C-94B5-40F4-8AD1-E9F576F4EB40}.Debug|Any CPU.Build.0 = Debug|Any CPU
		{AE6C064C-94B5-40F4-8AD1-E9F576F4EB40}.Release|Any CPU.ActiveCfg = Release|Any CPU
		{AE6C064C-94B5-40F4-8AD1-E9F576F4EB40}.Release|Any CPU.Build.0 = Release|Any CPU
		{6FC4AC22-677E-4EC7-ACA8-03C69694E4AD}.Debug|Any CPU.ActiveCfg = Debug|Any CPU
		{6FC4AC22-677E-4EC7-ACA8-03C69694E4AD}.Debug|Any CPU.Build.0 = Debug|Any CPU
		{6FC4AC22-677E-4EC7-ACA8-03C69694E4AD}.Release|Any CPU.ActiveCfg = Release|Any CPU
		{6FC4AC22-677E-4EC7-ACA8-03C69694E4AD}.Release|Any CPU.Build.0 = Release|Any CPU
	EndGlobalSection
	GlobalSection(SolutionProperties) = preSolution
		HideSolutionNode = FALSE
	EndGlobalSection
	GlobalSection(ExtensibilityGlobals) = postSolution
		SolutionGuid = {31F628FF-C070-4267-A1FB-1383D740AD51}
	EndGlobalSection
EndGlobal
